
Microsoft Visual Studio Solution File, Format Version 12.00
# Visual Studio Version 17
VisualStudioVersion = 17.0.32014.148
MinimumVisualStudioVersion = 10.0.40219.1
Project("{9A19103F-16F7-4668-BE54-9A1E7A4F7556}") = "API_GerenciamentoProdutos", "API_GerenciamentoProdutos\API_GerenciamentoProdutos.csproj", "{F6266461-13C5-49A6-8DED-3EF683CDE568}"
EndProject
Project("{9A19103F-16F7-4668-BE54-9A1E7A4F7556}") = "API_Pagamentos", "API_Pagamentos\API_Pagamentos.csproj", "{BC20E302-0CDD-4323-9DB6-397D7D601A94}"
EndProject
Project("{FAE04EC0-301F-11D3-BF4B-00C04F79EFBC}") = "ClienteAPI.Android", "ClienteAPI\ClienteAPI.Android\ClienteAPI.Android.csproj", "{C83D6329-BA74-425A-8160-90813445A4C6}"
EndProject
Project("{FAE04EC0-301F-11D3-BF4B-00C04F79EFBC}") = "ClienteAPI.iOS", "ClienteAPI\ClienteAPI.iOS\ClienteAPI.iOS.csproj", "{E58CA9F1-C4AE-434F-81FA-954AA7704CB5}"
EndProject
Project("{FAE04EC0-301F-11D3-BF4B-00C04F79EFBC}") = "ClienteAPI", "ClienteAPI\ClienteAPI\ClienteAPI.csproj", "{FB0A09E5-6CDA-4371-A284-5BA771527F7F}"
EndProject
Global
	GlobalSection(SolutionConfigurationPlatforms) = preSolution
		Debug|Any CPU = Debug|Any CPU
		Debug|iPhone = Debug|iPhone
		Debug|iPhoneSimulator = Debug|iPhoneSimulator
		Release|Any CPU = Release|Any CPU
		Release|iPhone = Release|iPhone
		Release|iPhoneSimulator = Release|iPhoneSimulator
	EndGlobalSection
	GlobalSection(ProjectConfigurationPlatforms) = postSolution
		{F6266461-13C5-49A6-8DED-3EF683CDE568}.Debug|Any CPU.ActiveCfg = Debug|Any CPU
		{F6266461-13C5-49A6-8DED-3EF683CDE568}.Debug|Any CPU.Build.0 = Debug|Any CPU
		{F6266461-13C5-49A6-8DED-3EF683CDE568}.Debug|iPhone.ActiveCfg = Debug|Any CPU
		{F6266461-13C5-49A6-8DED-3EF683CDE568}.Debug|iPhone.Build.0 = Debug|Any CPU
		{F6266461-13C5-49A6-8DED-3EF683CDE568}.Debug|iPhoneSimulator.ActiveCfg = Debug|Any CPU
		{F6266461-13C5-49A6-8DED-3EF683CDE568}.Debug|iPhoneSimulator.Build.0 = Debug|Any CPU
		{F6266461-13C5-49A6-8DED-3EF683CDE568}.Release|Any CPU.ActiveCfg = Release|Any CPU
		{F6266461-13C5-49A6-8DED-3EF683CDE568}.Release|Any CPU.Build.0 = Release|Any CPU
		{F6266461-13C5-49A6-8DED-3EF683CDE568}.Release|iPhone.ActiveCfg = Release|Any CPU
		{F6266461-13C5-49A6-8DED-3EF683CDE568}.Release|iPhone.Build.0 = Release|Any CPU
		{F6266461-13C5-49A6-8DED-3EF683CDE568}.Release|iPhoneSimulator.ActiveCfg = Release|Any CPU
		{F6266461-13C5-49A6-8DED-3EF683CDE568}.Release|iPhoneSimulator.Build.0 = Release|Any CPU
		{BC20E302-0CDD-4323-9DB6-397D7D601A94}.Debug|Any CPU.ActiveCfg = Debug|Any CPU
		{BC20E302-0CDD-4323-9DB6-397D7D601A94}.Debug|Any CPU.Build.0 = Debug|Any CPU
		{BC20E302-0CDD-4323-9DB6-397D7D601A94}.Debug|iPhone.ActiveCfg = Debug|Any CPU
		{BC20E302-0CDD-4323-9DB6-397D7D601A94}.Debug|iPhone.Build.0 = Debug|Any CPU
		{BC20E302-0CDD-4323-9DB6-397D7D601A94}.Debug|iPhoneSimulator.ActiveCfg = Debug|Any CPU
		{BC20E302-0CDD-4323-9DB6-397D7D601A94}.Debug|iPhoneSimulator.Build.0 = Debug|Any CPU
		{BC20E302-0CDD-4323-9DB6-397D7D601A94}.Release|Any CPU.ActiveCfg = Release|Any CPU
		{BC20E302-0CDD-4323-9DB6-397D7D601A94}.Release|Any CPU.Build.0 = Release|Any CPU
		{BC20E302-0CDD-4323-9DB6-397D7D601A94}.Release|iPhone.ActiveCfg = Release|Any CPU
		{BC20E302-0CDD-4323-9DB6-397D7D601A94}.Release|iPhone.Build.0 = Release|Any CPU
		{BC20E302-0CDD-4323-9DB6-397D7D601A94}.Release|iPhoneSimulator.ActiveCfg = Release|Any CPU
		{BC20E302-0CDD-4323-9DB6-397D7D601A94}.Release|iPhoneSimulator.Build.0 = Release|Any CPU
		{C83D6329-BA74-425A-8160-90813445A4C6}.Debug|Any CPU.ActiveCfg = Debug|Any CPU
		{C83D6329-BA74-425A-8160-90813445A4C6}.Debug|Any CPU.Build.0 = Debug|Any CPU
		{C83D6329-BA74-425A-8160-90813445A4C6}.Debug|Any CPU.Deploy.0 = Debug|Any CPU
		{C83D6329-BA74-425A-8160-90813445A4C6}.Debug|iPhone.ActiveCfg = Debug|Any CPU
		{C83D6329-BA74-425A-8160-90813445A4C6}.Debug|iPhone.Build.0 = Debug|Any CPU
		{C83D6329-BA74-425A-8160-90813445A4C6}.Debug|iPhone.Deploy.0 = Debug|Any CPU
		{C83D6329-BA74-425A-8160-90813445A4C6}.Debug|iPhoneSimulator.ActiveCfg = Debug|Any CPU
		{C83D6329-BA74-425A-8160-90813445A4C6}.Debug|iPhoneSimulator.Build.0 = Debug|Any CPU
		{C83D6329-BA74-425A-8160-90813445A4C6}.Debug|iPhoneSimulator.Deploy.0 = Debug|Any CPU
		{C83D6329-BA74-425A-8160-90813445A4C6}.Release|Any CPU.ActiveCfg = Release|Any CPU
		{C83D6329-BA74-425A-8160-90813445A4C6}.Release|Any CPU.Build.0 = Release|Any CPU
		{C83D6329-BA74-425A-8160-90813445A4C6}.Release|Any CPU.Deploy.0 = Release|Any CPU
		{C83D6329-BA74-425A-8160-90813445A4C6}.Release|iPhone.ActiveCfg = Release|Any CPU
		{C83D6329-BA74-425A-8160-90813445A4C6}.Release|iPhone.Build.0 = Release|Any CPU
		{C83D6329-BA74-425A-8160-90813445A4C6}.Release|iPhone.Deploy.0 = Release|Any CPU
		{C83D6329-BA74-425A-8160-90813445A4C6}.Release|iPhoneSimulator.ActiveCfg = Release|Any CPU
		{C83D6329-BA74-425A-8160-90813445A4C6}.Release|iPhoneSimulator.Build.0 = Release|Any CPU
		{C83D6329-BA74-425A-8160-90813445A4C6}.Release|iPhoneSimulator.Deploy.0 = Release|Any CPU
		{E58CA9F1-C4AE-434F-81FA-954AA7704CB5}.Debug|Any CPU.ActiveCfg = Debug|iPhoneSimulator
		{E58CA9F1-C4AE-434F-81FA-954AA7704CB5}.Debug|Any CPU.Build.0 = Debug|iPhoneSimulator
		{E58CA9F1-C4AE-434F-81FA-954AA7704CB5}.Debug|iPhone.ActiveCfg = Debug|iPhone
		{E58CA9F1-C4AE-434F-81FA-954AA7704CB5}.Debug|iPhone.Build.0 = Debug|iPhone
		{E58CA9F1-C4AE-434F-81FA-954AA7704CB5}.Debug|iPhoneSimulator.ActiveCfg = Debug|iPhoneSimulator
		{E58CA9F1-C4AE-434F-81FA-954AA7704CB5}.Debug|iPhoneSimulator.Build.0 = Debug|iPhoneSimulator
		{E58CA9F1-C4AE-434F-81FA-954AA7704CB5}.Release|Any CPU.ActiveCfg = Release|iPhoneSimulator
		{E58CA9F1-C4AE-434F-81FA-954AA7704CB5}.Release|Any CPU.Build.0 = Release|iPhoneSimulator
		{E58CA9F1-C4AE-434F-81FA-954AA7704CB5}.Release|iPhone.ActiveCfg = Release|iPhone
		{E58CA9F1-C4AE-434F-81FA-954AA7704CB5}.Release|iPhone.Build.0 = Release|iPhone
		{E58CA9F1-C4AE-434F-81FA-954AA7704CB5}.Release|iPhoneSimulator.ActiveCfg = Release|iPhoneSimulator
		{E58CA9F1-C4AE-434F-81FA-954AA7704CB5}.Release|iPhoneSimulator.Build.0 = Release|iPhoneSimulator
		{FB0A09E5-6CDA-4371-A284-5BA771527F7F}.Debug|Any CPU.ActiveCfg = Debug|Any CPU
		{FB0A09E5-6CDA-4371-A284-5BA771527F7F}.Debug|Any CPU.Build.0 = Debug|Any CPU
		{FB0A09E5-6CDA-4371-A284-5BA771527F7F}.Debug|iPhone.ActiveCfg = Debug|Any CPU
		{FB0A09E5-6CDA-4371-A284-5BA771527F7F}.Debug|iPhone.Build.0 = Debug|Any CPU
		{FB0A09E5-6CDA-4371-A284-5BA771527F7F}.Debug|iPhoneSimulator.ActiveCfg = Debug|Any CPU
		{FB0A09E5-6CDA-4371-A284-5BA771527F7F}.Debug|iPhoneSimulator.Build.0 = Debug|Any CPU
		{FB0A09E5-6CDA-4371-A284-5BA771527F7F}.Release|Any CPU.ActiveCfg = Release|Any CPU
		{FB0A09E5-6CDA-4371-A284-5BA771527F7F}.Release|Any CPU.Build.0 = Release|Any CPU
		{FB0A09E5-6CDA-4371-A284-5BA771527F7F}.Release|iPhone.ActiveCfg = Release|Any CPU
		{FB0A09E5-6CDA-4371-A284-5BA771527F7F}.Release|iPhone.Build.0 = Release|Any CPU
		{FB0A09E5-6CDA-4371-A284-5BA771527F7F}.Release|iPhoneSimulator.ActiveCfg = Release|Any CPU
		{FB0A09E5-6CDA-4371-A284-5BA771527F7F}.Release|iPhoneSimulator.Build.0 = Release|Any CPU
	EndGlobalSection
	GlobalSection(SolutionProperties) = preSolution
		HideSolutionNode = FALSE
	EndGlobalSection
	GlobalSection(ExtensibilityGlobals) = postSolution
		SolutionGuid = {168DF07E-793F-444B-BC25-01191EF42F23}
	EndGlobalSection
EndGlobal
