
Microsoft Visual Studio Solution File, Format Version 12.00
# Visual Studio Version 17
VisualStudioVersion = 17.0.32014.148
MinimumVisualStudioVersion = 10.0.40219.1
Project("{9A19103F-16F7-4668-BE54-9A1E7A4F7556}") = "API_GerenciamentoProdutos", "API_GerenciamentoProdutos\API_GerenciamentoProdutos.csproj", "{F6266461-13C5-49A6-8DED-3EF683CDE568}"
EndProject
Project("{FAE04EC0-301F-11D3-BF4B-00C04F79EFBC}") = "API_Pagamentos", "API_Pagamentos\API_Pagamentos.csproj", "{BC20E302-0CDD-4323-9DB6-397D7D601A94}"
EndProject
Global
	GlobalSection(SolutionConfigurationPlatforms) = preSolution
		Debug|Any CPU = Debug|Any CPU
		Release|Any CPU = Release|Any CPU
	EndGlobalSection
	GlobalSection(ProjectConfigurationPlatforms) = postSolution
		{F6266461-13C5-49A6-8DED-3EF683CDE568}.Debug|Any CPU.ActiveCfg = Debug|Any CPU
		{F6266461-13C5-49A6-8DED-3EF683CDE568}.Debug|Any CPU.Build.0 = Debug|Any CPU
		{F6266461-13C5-49A6-8DED-3EF683CDE568}.Release|Any CPU.ActiveCfg = Release|Any CPU
		{F6266461-13C5-49A6-8DED-3EF683CDE568}.Release|Any CPU.Build.0 = Release|Any CPU
		{BC20E302-0CDD-4323-9DB6-397D7D601A94}.Debug|Any CPU.ActiveCfg = Debug|Any CPU
		{BC20E302-0CDD-4323-9DB6-397D7D601A94}.Debug|Any CPU.Build.0 = Debug|Any CPU
		{BC20E302-0CDD-4323-9DB6-397D7D601A94}.Release|Any CPU.ActiveCfg = Release|Any CPU
		{BC20E302-0CDD-4323-9DB6-397D7D601A94}.Release|Any CPU.Build.0 = Release|Any CPU
	EndGlobalSection
	GlobalSection(SolutionProperties) = preSolution
		HideSolutionNode = FALSE
	EndGlobalSection
	GlobalSection(ExtensibilityGlobals) = postSolution
		SolutionGuid = {168DF07E-793F-444B-BC25-01191EF42F23}
	EndGlobalSection
EndGlobal
